
Microsoft Visual Studio Solution File, Format Version 12.00
# Visual Studio 14
VisualStudioVersion = 14.0.25123.0
MinimumVisualStudioVersion = 10.0.40219.1
Project("{FAE04EC0-301F-11D3-BF4B-00C04F79EFBC}") = "OctoPad.Repository", "OctoPad.Repository\OctoPad.Repository.csproj", "{B74D024E-A7C0-407D-8474-71C93F0171DB}"
EndProject
Project("{FAE04EC0-301F-11D3-BF4B-00C04F79EFBC}") = "OctoPad.Tests", "OctoPad.Tests\OctoPad.Tests.csproj", "{A417B39C-6969-4381-838E-ED4A46836E4F}"
EndProject
Project("{FAE04EC0-301F-11D3-BF4B-00C04F79EFBC}") = "OctoPad.WinForms", "OctoPad.WinForms\OctoPad.WinForms.csproj", "{C10BC250-C125-41AF-994E-54B38CF25D8C}"
EndProject
Project("{FAE04EC0-301F-11D3-BF4B-00C04F79EFBC}") = "OctoPad.UserInterface", "OctoPad.UserInterface\OctoPad.UserInterface.csproj", "{D77C7A7B-A895-4573-9BEB-4118EE20925B}"
EndProject
Project("{FAE04EC0-301F-11D3-BF4B-00C04F79EFBC}") = "OctoPad.Models", "OctoPad.Models\OctoPad.Models.csproj", "{336ADC8D-3C13-41AC-87FF-A320718CB666}"
EndProject
Project("{FAE04EC0-301F-11D3-BF4B-00C04F79EFBC}") = "OctoPad.Startup", "OctoPad.Startup\OctoPad.Startup.csproj", "{16F06405-CC39-4A16-8A27-95ABB7A038D6}"
EndProject
Global
	GlobalSection(SolutionConfigurationPlatforms) = preSolution
		Debug|Any CPU = Debug|Any CPU
		Release|Any CPU = Release|Any CPU
	EndGlobalSection
	GlobalSection(ProjectConfigurationPlatforms) = postSolution
		{B74D024E-A7C0-407D-8474-71C93F0171DB}.Debug|Any CPU.ActiveCfg = Debug|Any CPU
		{B74D024E-A7C0-407D-8474-71C93F0171DB}.Debug|Any CPU.Build.0 = Debug|Any CPU
		{B74D024E-A7C0-407D-8474-71C93F0171DB}.Release|Any CPU.ActiveCfg = Release|Any CPU
		{B74D024E-A7C0-407D-8474-71C93F0171DB}.Release|Any CPU.Build.0 = Release|Any CPU
		{A417B39C-6969-4381-838E-ED4A46836E4F}.Debug|Any CPU.ActiveCfg = Debug|Any CPU
		{A417B39C-6969-4381-838E-ED4A46836E4F}.Debug|Any CPU.Build.0 = Debug|Any CPU
		{A417B39C-6969-4381-838E-ED4A46836E4F}.Release|Any CPU.ActiveCfg = Release|Any CPU
		{A417B39C-6969-4381-838E-ED4A46836E4F}.Release|Any CPU.Build.0 = Release|Any CPU
		{C10BC250-C125-41AF-994E-54B38CF25D8C}.Debug|Any CPU.ActiveCfg = Debug|Any CPU
		{C10BC250-C125-41AF-994E-54B38CF25D8C}.Debug|Any CPU.Build.0 = Debug|Any CPU
		{C10BC250-C125-41AF-994E-54B38CF25D8C}.Release|Any CPU.ActiveCfg = Release|Any CPU
		{C10BC250-C125-41AF-994E-54B38CF25D8C}.Release|Any CPU.Build.0 = Release|Any CPU
		{D77C7A7B-A895-4573-9BEB-4118EE20925B}.Debug|Any CPU.ActiveCfg = Debug|Any CPU
		{D77C7A7B-A895-4573-9BEB-4118EE20925B}.Debug|Any CPU.Build.0 = Debug|Any CPU
		{D77C7A7B-A895-4573-9BEB-4118EE20925B}.Release|Any CPU.ActiveCfg = Release|Any CPU
		{D77C7A7B-A895-4573-9BEB-4118EE20925B}.Release|Any CPU.Build.0 = Release|Any CPU
		{336ADC8D-3C13-41AC-87FF-A320718CB666}.Debug|Any CPU.ActiveCfg = Debug|Any CPU
		{336ADC8D-3C13-41AC-87FF-A320718CB666}.Debug|Any CPU.Build.0 = Debug|Any CPU
		{336ADC8D-3C13-41AC-87FF-A320718CB666}.Release|Any CPU.ActiveCfg = Release|Any CPU
		{336ADC8D-3C13-41AC-87FF-A320718CB666}.Release|Any CPU.Build.0 = Release|Any CPU
		{16F06405-CC39-4A16-8A27-95ABB7A038D6}.Debug|Any CPU.ActiveCfg = Debug|Any CPU
		{16F06405-CC39-4A16-8A27-95ABB7A038D6}.Debug|Any CPU.Build.0 = Debug|Any CPU
		{16F06405-CC39-4A16-8A27-95ABB7A038D6}.Release|Any CPU.ActiveCfg = Release|Any CPU
		{16F06405-CC39-4A16-8A27-95ABB7A038D6}.Release|Any CPU.Build.0 = Release|Any CPU
	EndGlobalSection
	GlobalSection(SolutionProperties) = preSolution
		HideSolutionNode = FALSE
	EndGlobalSection
EndGlobal
